
Microsoft Visual Studio Solution File, Format Version 12.00
# Visual Studio Version 17
VisualStudioVersion = 17.9.34723.18
MinimumVisualStudioVersion = 10.0.40219.1
Project("{9A19103F-16F7-4668-BE54-9A1E7A4F7556}") = "JsonAotTool", "JsonAotTool.csproj", "{4702A205-3F08-4D22-AB54-B491A141E49D}"
EndProject
Global
	GlobalSection(SolutionConfigurationPlatforms) = preSolution
		Debug|Any CPU = Debug|Any CPU
		Release|Any CPU = Release|Any CPU
	EndGlobalSection
	GlobalSection(ProjectConfigurationPlatforms) = postSolution
		{4702A205-3F08-4D22-AB54-B491A141E49D}.Debug|Any CPU.ActiveCfg = Debug|Any CPU
		{4702A205-3F08-4D22-AB54-B491A141E49D}.Debug|Any CPU.Build.0 = Debug|Any CPU
		{4702A205-3F08-4D22-AB54-B491A141E49D}.Release|Any CPU.ActiveCfg = Release|Any CPU
		{4702A205-3F08-4D22-AB54-B491A141E49D}.Release|Any CPU.Build.0 = Release|Any CPU
	EndGlobalSection
	GlobalSection(SolutionProperties) = preSolution
		HideSolutionNode = FALSE
	EndGlobalSection
	GlobalSection(ExtensibilityGlobals) = postSolution
		SolutionGuid = {2E455A02-EFBC-4F41-B0C2-8D00B7593ACA}
	EndGlobalSection
EndGlobal
